{
	"name": "shortless-youtube",
	"version": "1.0.0",
	"lockfileVersion": 3,
	"requires": true,
	"packages": {
		"": {
			"name": "shortless-youtube",
			"version": "1.0.0",
			"devDependencies": {
				"chrome-types": "^0.1.419",
				"typescript": "^5.9.3"
			}
		},
		"node_modules/chrome-types": {
			"version": "0.1.419",
			"resolved": "https://registry.npmjs.org/chrome-types/-/chrome-types-0.1.419.tgz",
			"integrity": "sha512-ZuEbxMLaTyX30dj1nb+OwSRs0d4QBnBsdkQ7bWVOyJ19d+FU7EDa+3Jhj+EuPWENrz3UjP0WuWk+549o9oA/Nw==",
			"dev": true,
			"license": "Apache-2.0"
		},
		"node_modules/typescript": {
			"version": "5.9.3",
			"resolved": "https://registry.npmjs.org/typescript/-/typescript-5.9.3.tgz",
			"integrity": "sha512-jl1vZzPDinLr9eUt3J/t7V6FgNEw9QjvBPdysz9KfQDD41fQrC2Y4vKQdiaUpFT4bXlb1RHhLpp8wtm6M5TgSw==",
			"dev": true,
			"license": "Apache-2.0",
			"bin": {
				"tsc": "bin/tsc",
				"tsserver": "bin/tsserver"
			},
			"engines": {
				"node": ">=14.17"
			}
		}
	}
}
